lockfileVersion: '6.0'

settings:
  autoInstallPeers: true
  excludeLinksFromLockfile: false

dependencies:
  speedscope:
    specifier: ^1.20.0
    version: 1.20.0

packages:

  /is-docker@2.2.1:
    resolution: {integrity: sha512-F+i2BKsFrH66iaUFc0woD8sLy8getkwTwtOBjvs56Cx4CgJDeKQeqfz8wAYiSb8JOprWhHH5p77PbmYCvvUuXQ==}
    engines: {node: '>=8'}
    hasBin: true
    dev: false

  /is-wsl@2.2.0:
    resolution: {integrity: sha512-fKzAra0rGJUUBwGBgNkHZuToZcn+TtXHpeCgmkMJMMYx1sQDYaCSyjJBSCa2nH1DGm7s3n1oBnohoVTBaN7Lww==}
    engines: {node: '>=8'}
    dependencies:
      is-docker: 2.2.1
    dev: false

  /open@7.2.0:
    resolution: {integrity: sha512-4HeyhxCvBTI5uBePsAdi55C5fmqnWZ2e2MlmvWi5KW5tdH5rxoiv/aMtbeVxKZc3eWkT1GymMnLG8XC4Rq4TDQ==}
    engines: {node: '>=8'}
    dependencies:
      is-docker: 2.2.1
      is-wsl: 2.2.0
    dev: false

  /speedscope@1.20.0:
    resolution: {integrity: sha512-KjYnxIjXIiPvHs0OMNY0vUFXcaV2aCzH2iyF42fbXPIpJkqKL3Y4AryGDCj041hrbIYnOEcn+Tl+mHABWGbDXQ==}
    hasBin: true
    dependencies:
      open: 7.2.0
    dev: false
